<?xml version="1.0" encoding="utf-8"?>
<Project ToolsVersion="4.0" xmlns="http://schemas.microsoft.com/developer/msbuild/2003">
  <ItemGroup>
    <ClCompile Include="main.cpp" />
    <ClCompile Include="Resources\Model.cpp">
      <Filter>Resources</Filter>
    </ClCompile>
    <ClCompile Include="Utility\Utility.cpp">
      <Filter>Utility</Filter>
    </ClCompile>
    <ClCompile Include="Import\ModelImporter.cpp">
      <Filter>Import</Filter>
    </ClCompile>
    <ClCompile Include="Import\TextureFile.cpp">
      <Filter>Import</Filter>
    </ClCompile>
    <ClCompile Include="Export\BinaryFile.cpp">
      <Filter>Export</Filter>
    </ClCompile>
    <ClCompile Include="Export\ModelExporter.cpp">
      <Filter>Export</Filter>
    </ClCompile>
    <ClCompile Include="Utility\Stopwatch.cpp">
      <Filter>Utility</Filter>
    </ClCompile>
    <ClCompile Include="Utility\Logger.cpp">
      <Filter>Utility</Filter>
    </ClCompile>
    <ClCompile Include="Resources\Material.cpp">
      <Filter>Resources</Filter>
    </ClCompile>
    <ClCompile Include="Resources\Texture.cpp">
      <Filter>Resources</Filter>
    </ClCompile>
    <ClCompile Include="Resources\Mesh.cpp">
      <Filter>Resources</Filter>
    </ClCompile>
  </ItemGroup>
  <ItemGroup>
    <Filter Include="Resources">
      <UniqueIdentifier>{4c527c22-89e7-4d32-b6ed-ec099a7335e5}</UniqueIdentifier>
    </Filter>
    <Filter Include="Utility">
      <UniqueIdentifier>{daa83616-625a-4f24-86de-43d46f82fd60}</UniqueIdentifier>
    </Filter>
    <Filter Include="Import">
      <UniqueIdentifier>{d8ab0081-91ae-445c-a035-d93f787afd43}</UniqueIdentifier>
    </Filter>
    <Filter Include="Export">
      <UniqueIdentifier>{390b8f73-d2ca-4580-bb44-e415f85ae4fc}</UniqueIdentifier>
    </Filter>
  </ItemGroup>
  <ItemGroup>
    <ClInclude Include="Resources\Material.h">
      <Filter>Resources</Filter>
    </ClInclude>
    <ClInclude Include="Resources\Model.h">
      <Filter>Resources</Filter>
    </ClInclude>
    <ClInclude Include="Utility\LinearMath.h">
      <Filter>Utility</Filter>
    </ClInclude>
    <ClInclude Include="Utility\Utility.h">
      <Filter>Utility</Filter>
    </ClInclude>
    <ClInclude Include="Import\FileInfo.h">
      <Filter>Import</Filter>
    </ClInclude>
    <ClInclude Include="Import\ModelImporter.h">
      <Filter>Import</Filter>
    </ClInclude>
    <ClInclude Include="Import\TextureFile.h">
      <Filter>Import</Filter>
    </ClInclude>
    <ClInclude Include="Export\BinaryFile.h">
      <Filter>Export</Filter>
    </ClInclude>
    <ClInclude Include="Export\ModelExporter.h">
      <Filter>Export</Filter>
    </ClInclude>
    <ClInclude Include="Utility\Stopwatch.h">
      <Filter>Utility</Filter>
    </ClInclude>
    <ClInclude Include="Utility\Enum.h">
      <Filter>Utility</Filter>
    </ClInclude>
    <ClInclude Include="Utility\Logger.h">
      <Filter>Utility</Filter>
    </ClInclude>
    <ClInclude Include="Resources\Texture.h">
      <Filter>Resources</Filter>
    </ClInclude>
    <ClInclude Include="Resources\Mesh.h">
      <Filter>Resources</Filter>
    </ClInclude>
  </ItemGroup>
  <ItemGroup>
    <None Include="Export\BinaryFile.inl">
      <Filter>Export</Filter>
    </None>
  </ItemGroup>
</Project>